
Microsoft Visual Studio Solution File, Format Version 12.00
# Visual Studio 15
VisualStudioVersion = 15.0.28010.2026
MinimumVisualStudioVersion = 10.0.40219.1
Project("{FAE04EC0-301F-11D3-BF4B-00C04F79EFBC}") = "XamarinSQLITE.Android", "XamarinSQLITE\XamarinSQLITE.Android\XamarinSQLITE.Android.csproj", "{AC192B8C-997E-4728-87C5-11587A5CE1BF}"
EndProject
Project("{FAE04EC0-301F-11D3-BF4B-00C04F79EFBC}") = "XamarinSQLITE.iOS", "XamarinSQLITE\XamarinSQLITE.iOS\XamarinSQLITE.iOS.csproj", "{427E6906-22D5-4DCF-A2EC-AF1FBF2BA6CE}"
EndProject
Project("{9A19103F-16F7-4668-BE54-9A1E7A4F7556}") = "XamarinSQLITE", "XamarinSQLITE\XamarinSQLITE\XamarinSQLITE.csproj", "{47375614-F0D8-4FF7-AABC-BF21BFB150CF}"
EndProject
Global
	GlobalSection(SolutionConfigurationPlatforms) = preSolution
		Ad-Hoc|Any CPU = Ad-Hoc|Any CPU
		Ad-Hoc|ARM = Ad-Hoc|ARM
		Ad-Hoc|iPhone = Ad-Hoc|iPhone
		Ad-Hoc|iPhoneSimulator = Ad-Hoc|iPhoneSimulator
		Ad-Hoc|x64 = Ad-Hoc|x64
		Ad-Hoc|x86 = Ad-Hoc|x86
		AppStore|Any CPU = AppStore|Any CPU
		AppStore|ARM = AppStore|ARM
		AppStore|iPhone = AppStore|iPhone
		AppStore|iPhoneSimulator = AppStore|iPhoneSimulator
		AppStore|x64 = AppStore|x64
		AppStore|x86 = AppStore|x86
		Debug|Any CPU = Debug|Any CPU
		Debug|ARM = Debug|ARM
		Debug|iPhone = Debug|iPhone
		Debug|iPhoneSimulator = Debug|iPhoneSimulator
		Debug|x64 = Debug|x64
		Debug|x86 = Debug|x86
		Release|Any CPU = Release|Any CPU
		Release|ARM = Release|ARM
		Release|iPhone = Release|iPhone
		Release|iPhoneSimulator = Release|iPhoneSimulator
		Release|x64 = Release|x64
		Release|x86 = Release|x86
	EndGlobalSection
	GlobalSection(ProjectConfigurationPlatforms) = postSolution
		{AC192B8C-997E-4728-87C5-11587A5CE1BF}.Ad-Hoc|Any CPU.ActiveCfg = Release|Any CPU
		{AC192B8C-997E-4728-87C5-11587A5CE1BF}.Ad-Hoc|Any CPU.Build.0 = Release|Any CPU
		{AC192B8C-997E-4728-87C5-11587A5CE1BF}.Ad-Hoc|Any CPU.Deploy.0 = Release|Any CPU
		{AC192B8C-997E-4728-87C5-11587A5CE1BF}.Ad-Hoc|ARM.ActiveCfg = Release|Any CPU
		{AC192B8C-997E-4728-87C5-11587A5CE1BF}.Ad-Hoc|ARM.Build.0 = Release|Any CPU
		{AC192B8C-997E-4728-87C5-11587A5CE1BF}.Ad-Hoc|ARM.Deploy.0 = Release|Any CPU
		{AC192B8C-997E-4728-87C5-11587A5CE1BF}.Ad-Hoc|iPhone.ActiveCfg = Release|Any CPU
		{AC192B8C-997E-4728-87C5-11587A5CE1BF}.Ad-Hoc|iPhone.Build.0 = Release|Any CPU
		{AC192B8C-997E-4728-87C5-11587A5CE1BF}.Ad-Hoc|iPhone.Deploy.0 = Release|Any CPU
		{AC192B8C-997E-4728-87C5-11587A5CE1BF}.Ad-Hoc|iPhoneSimulator.ActiveCfg = Release|Any CPU
		{AC192B8C-997E-4728-87C5-11587A5CE1BF}.Ad-Hoc|iPhoneSimulator.Build.0 = Release|Any CPU
		{AC192B8C-997E-4728-87C5-11587A5CE1BF}.Ad-Hoc|iPhoneSimulator.Deploy.0 = Release|Any CPU
		{AC192B8C-997E-4728-87C5-11587A5CE1BF}.Ad-Hoc|x64.ActiveCfg = Release|Any CPU
		{AC192B8C-997E-4728-87C5-11587A5CE1BF}.Ad-Hoc|x64.Build.0 = Release|Any CPU
		{AC192B8C-997E-4728-87C5-11587A5CE1BF}.Ad-Hoc|x64.Deploy.0 = Release|Any CPU
		{AC192B8C-997E-4728-87C5-11587A5CE1BF}.Ad-Hoc|x86.ActiveCfg = Release|Any CPU
		{AC192B8C-997E-4728-87C5-11587A5CE1BF}.Ad-Hoc|x86.Build.0 = Release|Any CPU
		{AC192B8C-997E-4728-87C5-11587A5CE1BF}.Ad-Hoc|x86.Deploy.0 = Release|Any CPU
		{AC192B8C-997E-4728-87C5-11587A5CE1BF}.AppStore|Any CPU.ActiveCfg = Release|Any CPU
		{AC192B8C-997E-4728-87C5-11587A5CE1BF}.AppStore|Any CPU.Build.0 = Release|Any CPU
		{AC192B8C-997E-4728-87C5-11587A5CE1BF}.AppStore|Any CPU.Deploy.0 = Release|Any CPU
		{AC192B8C-997E-4728-87C5-11587A5CE1BF}.AppStore|ARM.ActiveCfg = Release|Any CPU
		{AC192B8C-997E-4728-87C5-11587A5CE1BF}.AppStore|ARM.Build.0 = Release|Any CPU
		{AC192B8C-997E-4728-87C5-11587A5CE1BF}.AppStore|ARM.Deploy.0 = Release|Any CPU
		{AC192B8C-997E-4728-87C5-11587A5CE1BF}.AppStore|iPhone.ActiveCfg = Release|Any CPU
		{AC192B8C-997E-4728-87C5-11587A5CE1BF}.AppStore|iPhone.Build.0 = Release|Any CPU
		{AC192B8C-997E-4728-87C5-11587A5CE1BF}.AppStore|iPhone.Deploy.0 = Release|Any CPU
		{AC192B8C-997E-4728-87C5-11587A5CE1BF}.AppStore|iPhoneSimulator.ActiveCfg = Release|Any CPU
		{AC192B8C-997E-4728-87C5-11587A5CE1BF}.AppStore|iPhoneSimulator.Build.0 = Release|Any CPU
		{AC192B8C-997E-4728-87C5-11587A5CE1BF}.AppStore|iPhoneSimulator.Deploy.0 = Release|Any CPU
		{AC192B8C-997E-4728-87C5-11587A5CE1BF}.AppStore|x64.ActiveCfg = Release|Any CPU
		{AC192B8C-997E-4728-87C5-11587A5CE1BF}.AppStore|x64.Build.0 = Release|Any CPU
		{AC192B8C-997E-4728-87C5-11587A5CE1BF}.AppStore|x64.Deploy.0 = Release|Any CPU
		{AC192B8C-997E-4728-87C5-11587A5CE1BF}.AppStore|x86.ActiveCfg = Release|Any CPU
		{AC192B8C-997E-4728-87C5-11587A5CE1BF}.AppStore|x86.Build.0 = Release|Any CPU
		{AC192B8C-997E-4728-87C5-11587A5CE1BF}.AppStore|x86.Deploy.0 = Release|Any CPU
		{AC192B8C-997E-4728-87C5-11587A5CE1BF}.Debug|Any CPU.ActiveCfg = Debug|Any CPU
		{AC192B8C-997E-4728-87C5-11587A5CE1BF}.Debug|Any CPU.Build.0 = Debug|Any CPU
		{AC192B8C-997E-4728-87C5-11587A5CE1BF}.Debug|Any CPU.Deploy.0 = Debug|Any CPU
		{AC192B8C-997E-4728-87C5-11587A5CE1BF}.Debug|ARM.ActiveCfg = Debug|Any CPU
		{AC192B8C-997E-4728-87C5-11587A5CE1BF}.Debug|ARM.Build.0 = Debug|Any CPU
		{AC192B8C-997E-4728-87C5-11587A5CE1BF}.Debug|ARM.Deploy.0 = Debug|Any CPU
		{AC192B8C-997E-4728-87C5-11587A5CE1BF}.Debug|iPhone.ActiveCfg = Debug|Any CPU
		{AC192B8C-997E-4728-87C5-11587A5CE1BF}.Debug|iPhone.Build.0 = Debug|Any CPU
		{AC192B8C-997E-4728-87C5-11587A5CE1BF}.Debug|iPhone.Deploy.0 = Debug|Any CPU
		{AC192B8C-997E-4728-87C5-11587A5CE1BF}.Debug|iPhoneSimulator.ActiveCfg = Debug|Any CPU
		{AC192B8C-997E-4728-87C5-11587A5CE1BF}.Debug|iPhoneSimulator.Build.0 = Debug|Any CPU
		{AC192B8C-997E-4728-87C5-11587A5CE1BF}.Debug|iPhoneSimulator.Deploy.0 = Debug|Any CPU
		{AC192B8C-997E-4728-87C5-11587A5CE1BF}.Debug|x64.ActiveCfg = Debug|Any CPU
		{AC192B8C-997E-4728-87C5-11587A5CE1BF}.Debug|x64.Build.0 = Debug|Any CPU
		{AC192B8C-997E-4728-87C5-11587A5CE1BF}.Debug|x64.Deploy.0 = Debug|Any CPU
		{AC192B8C-997E-4728-87C5-11587A5CE1BF}.Debug|x86.ActiveCfg = Debug|Any CPU
		{AC192B8C-997E-4728-87C5-11587A5CE1BF}.Debug|x86.Build.0 = Debug|Any CPU
		{AC192B8C-997E-4728-87C5-11587A5CE1BF}.Debug|x86.Deploy.0 = Debug|Any CPU
		{AC192B8C-997E-4728-87C5-11587A5CE1BF}.Release|Any CPU.ActiveCfg = Release|Any CPU
		{AC192B8C-997E-4728-87C5-11587A5CE1BF}.Release|Any CPU.Build.0 = Release|Any CPU
		{AC192B8C-997E-4728-87C5-11587A5CE1BF}.Release|Any CPU.Deploy.0 = Release|Any CPU
		{AC192B8C-997E-4728-87C5-11587A5CE1BF}.Release|ARM.ActiveCfg = Release|Any CPU
		{AC192B8C-997E-4728-87C5-11587A5CE1BF}.Release|ARM.Build.0 = Release|Any CPU
		{AC192B8C-997E-4728-87C5-11587A5CE1BF}.Release|ARM.Deploy.0 = Release|Any CPU
		{AC192B8C-997E-4728-87C5-11587A5CE1BF}.Release|iPhone.ActiveCfg = Release|Any CPU
		{AC192B8C-997E-4728-87C5-11587A5CE1BF}.Release|iPhone.Build.0 = Release|Any CPU
		{AC192B8C-997E-4728-87C5-11587A5CE1BF}.Release|iPhone.Deploy.0 = Release|Any CPU
		{AC192B8C-997E-4728-87C5-11587A5CE1BF}.Release|iPhoneSimulator.ActiveCfg = Release|Any CPU
		{AC192B8C-997E-4728-87C5-11587A5CE1BF}.Release|iPhoneSimulator.Build.0 = Release|Any CPU
		{AC192B8C-997E-4728-87C5-11587A5CE1BF}.Release|iPhoneSimulator.Deploy.0 = Release|Any CPU
		{AC192B8C-997E-4728-87C5-11587A5CE1BF}.Release|x64.ActiveCfg = Release|Any CPU
		{AC192B8C-997E-4728-87C5-11587A5CE1BF}.Release|x64.Build.0 = Release|Any CPU
		{AC192B8C-997E-4728-87C5-11587A5CE1BF}.Release|x64.Deploy.0 = Release|Any CPU
		{AC192B8C-997E-4728-87C5-11587A5CE1BF}.Release|x86.ActiveCfg = Release|Any CPU
		{AC192B8C-997E-4728-87C5-11587A5CE1BF}.Release|x86.Build.0 = Release|Any CPU
		{AC192B8C-997E-4728-87C5-11587A5CE1BF}.Release|x86.Deploy.0 = Release|Any CPU
		{427E6906-22D5-4DCF-A2EC-AF1FBF2BA6CE}.Ad-Hoc|Any CPU.ActiveCfg = Ad-Hoc|iPhone
		{427E6906-22D5-4DCF-A2EC-AF1FBF2BA6CE}.Ad-Hoc|Any CPU.Build.0 = Ad-Hoc|iPhone
		{427E6906-22D5-4DCF-A2EC-AF1FBF2BA6CE}.Ad-Hoc|Any CPU.Deploy.0 = Ad-Hoc|iPhone
		{427E6906-22D5-4DCF-A2EC-AF1FBF2BA6CE}.Ad-Hoc|ARM.ActiveCfg = Ad-Hoc|iPhone
		{427E6906-22D5-4DCF-A2EC-AF1FBF2BA6CE}.Ad-Hoc|ARM.Build.0 = Ad-Hoc|iPhone
		{427E6906-22D5-4DCF-A2EC-AF1FBF2BA6CE}.Ad-Hoc|ARM.Deploy.0 = Ad-Hoc|iPhone
		{427E6906-22D5-4DCF-A2EC-AF1FBF2BA6CE}.Ad-Hoc|iPhone.ActiveCfg = Ad-Hoc|iPhone
		{427E6906-22D5-4DCF-A2EC-AF1FBF2BA6CE}.Ad-Hoc|iPhone.Build.0 = Ad-Hoc|iPhone
		{427E6906-22D5-4DCF-A2EC-AF1FBF2BA6CE}.Ad-Hoc|iPhone.Deploy.0 = Ad-Hoc|iPhone
		{427E6906-22D5-4DCF-A2EC-AF1FBF2BA6CE}.Ad-Hoc|iPhoneSimulator.ActiveCfg = Ad-Hoc|iPhoneSimulator
		{427E6906-22D5-4DCF-A2EC-AF1FBF2BA6CE}.Ad-Hoc|iPhoneSimulator.Build.0 = Ad-Hoc|iPhoneSimulator
		{427E6906-22D5-4DCF-A2EC-AF1FBF2BA6CE}.Ad-Hoc|iPhoneSimulator.Deploy.0 = Ad-Hoc|iPhoneSimulator
		{427E6906-22D5-4DCF-A2EC-AF1FBF2BA6CE}.Ad-Hoc|x64.ActiveCfg = Ad-Hoc|iPhone
		{427E6906-22D5-4DCF-A2EC-AF1FBF2BA6CE}.Ad-Hoc|x64.Build.0 = Ad-Hoc|iPhone
		{427E6906-22D5-4DCF-A2EC-AF1FBF2BA6CE}.Ad-Hoc|x64.Deploy.0 = Ad-Hoc|iPhone
		{427E6906-22D5-4DCF-A2EC-AF1FBF2BA6CE}.Ad-Hoc|x86.ActiveCfg = Ad-Hoc|iPhone
		{427E6906-22D5-4DCF-A2EC-AF1FBF2BA6CE}.Ad-Hoc|x86.Build.0 = Ad-Hoc|iPhone
		{427E6906-22D5-4DCF-A2EC-AF1FBF2BA6CE}.Ad-Hoc|x86.Deploy.0 = Ad-Hoc|iPhone
		{427E6906-22D5-4DCF-A2EC-AF1FBF2BA6CE}.AppStore|Any CPU.ActiveCfg = AppStore|iPhone
		{427E6906-22D5-4DCF-A2EC-AF1FBF2BA6CE}.AppStore|Any CPU.Build.0 = AppStore|iPhone
		{427E6906-22D5-4DCF-A2EC-AF1FBF2BA6CE}.AppStore|Any CPU.Deploy.0 = AppStore|iPhone
		{427E6906-22D5-4DCF-A2EC-AF1FBF2BA6CE}.AppStore|ARM.ActiveCfg = AppStore|iPhone
		{427E6906-22D5-4DCF-A2EC-AF1FBF2BA6CE}.AppStore|ARM.Build.0 = AppStore|iPhone
		{427E6906-22D5-4DCF-A2EC-AF1FBF2BA6CE}.AppStore|ARM.Deploy.0 = AppStore|iPhone
		{427E6906-22D5-4DCF-A2EC-AF1FBF2BA6CE}.AppStore|iPhone.ActiveCfg = AppStore|iPhone
		{427E6906-22D5-4DCF-A2EC-AF1FBF2BA6CE}.AppStore|iPhone.Build.0 = AppStore|iPhone
		{427E6906-22D5-4DCF-A2EC-AF1FBF2BA6CE}.AppStore|iPhone.Deploy.0 = AppStore|iPhone
		{427E6906-22D5-4DCF-A2EC-AF1FBF2BA6CE}.AppStore|iPhoneSimulator.ActiveCfg = AppStore|iPhoneSimulator
		{427E6906-22D5-4DCF-A2EC-AF1FBF2BA6CE}.AppStore|iPhoneSimulator.Build.0 = AppStore|iPhoneSimulator
		{427E6906-22D5-4DCF-A2EC-AF1FBF2BA6CE}.AppStore|iPhoneSimulator.Deploy.0 = AppStore|iPhoneSimulator
		{427E6906-22D5-4DCF-A2EC-AF1FBF2BA6CE}.AppStore|x64.ActiveCfg = AppStore|iPhone
		{427E6906-22D5-4DCF-A2EC-AF1FBF2BA6CE}.AppStore|x64.Build.0 = AppStore|iPhone
		{427E6906-22D5-4DCF-A2EC-AF1FBF2BA6CE}.AppStore|x64.Deploy.0 = AppStore|iPhone
		{427E6906-22D5-4DCF-A2EC-AF1FBF2BA6CE}.AppStore|x86.ActiveCfg = AppStore|iPhone
		{427E6906-22D5-4DCF-A2EC-AF1FBF2BA6CE}.AppStore|x86.Build.0 = AppStore|iPhone
		{427E6906-22D5-4DCF-A2EC-AF1FBF2BA6CE}.AppStore|x86.Deploy.0 = AppStore|iPhone
		{427E6906-22D5-4DCF-A2EC-AF1FBF2BA6CE}.Debug|Any CPU.ActiveCfg = Debug|iPhoneSimulator
		{427E6906-22D5-4DCF-A2EC-AF1FBF2BA6CE}.Debug|Any CPU.Build.0 = Debug|iPhoneSimulator
		{427E6906-22D5-4DCF-A2EC-AF1FBF2BA6CE}.Debug|Any CPU.Deploy.0 = Debug|iPhoneSimulator
		{427E6906-22D5-4DCF-A2EC-AF1FBF2BA6CE}.Debug|ARM.ActiveCfg = Debug|iPhone
		{427E6906-22D5-4DCF-A2EC-AF1FBF2BA6CE}.Debug|ARM.Build.0 = Debug|iPhone
		{427E6906-22D5-4DCF-A2EC-AF1FBF2BA6CE}.Debug|ARM.Deploy.0 = Debug|iPhone
		{427E6906-22D5-4DCF-A2EC-AF1FBF2BA6CE}.Debug|iPhone.ActiveCfg = Debug|iPhone
		{427E6906-22D5-4DCF-A2EC-AF1FBF2BA6CE}.Debug|iPhone.Build.0 = Debug|iPhone
		{427E6906-22D5-4DCF-A2EC-AF1FBF2BA6CE}.Debug|iPhone.Deploy.0 = Debug|iPhone
		{427E6906-22D5-4DCF-A2EC-AF1FBF2BA6CE}.Debug|iPhoneSimulator.ActiveCfg = Debug|iPhoneSimulator
		{427E6906-22D5-4DCF-A2EC-AF1FBF2BA6CE}.Debug|iPhoneSimulator.Build.0 = Debug|iPhoneSimulator
		{427E6906-22D5-4DCF-A2EC-AF1FBF2BA6CE}.Debug|iPhoneSimulator.Deploy.0 = Debug|iPhoneSimulator
		{427E6906-22D5-4DCF-A2EC-AF1FBF2BA6CE}.Debug|x64.ActiveCfg = Debug|iPhone
		{427E6906-22D5-4DCF-A2EC-AF1FBF2BA6CE}.Debug|x64.Build.0 = Debug|iPhone
		{427E6906-22D5-4DCF-A2EC-AF1FBF2BA6CE}.Debug|x64.Deploy.0 = Debug|iPhone
		{427E6906-22D5-4DCF-A2EC-AF1FBF2BA6CE}.Debug|x86.ActiveCfg = Debug|iPhone
		{427E6906-22D5-4DCF-A2EC-AF1FBF2BA6CE}.Debug|x86.Build.0 = Debug|iPhone
		{427E6906-22D5-4DCF-A2EC-AF1FBF2BA6CE}.Debug|x86.Deploy.0 = Debug|iPhone
		{427E6906-22D5-4DCF-A2EC-AF1FBF2BA6CE}.Release|Any CPU.ActiveCfg = Release|iPhone
		{427E6906-22D5-4DCF-A2EC-AF1FBF2BA6CE}.Release|Any CPU.Build.0 = Release|iPhone
		{427E6906-22D5-4DCF-A2EC-AF1FBF2BA6CE}.Release|Any CPU.Deploy.0 = Release|iPhone
		{427E6906-22D5-4DCF-A2EC-AF1FBF2BA6CE}.Release|ARM.ActiveCfg = Release|iPhone
		{427E6906-22D5-4DCF-A2EC-AF1FBF2BA6CE}.Release|ARM.Build.0 = Release|iPhone
		{427E6906-22D5-4DCF-A2EC-AF1FBF2BA6CE}.Release|ARM.Deploy.0 = Release|iPhone
		{427E6906-22D5-4DCF-A2EC-AF1FBF2BA6CE}.Release|iPhone.ActiveCfg = Release|iPhone
		{427E6906-22D5-4DCF-A2EC-AF1FBF2BA6CE}.Release|iPhone.Build.0 = Release|iPhone
		{427E6906-22D5-4DCF-A2EC-AF1FBF2BA6CE}.Release|iPhone.Deploy.0 = Release|iPhone
		{427E6906-22D5-4DCF-A2EC-AF1FBF2BA6CE}.Release|iPhoneSimulator.ActiveCfg = Release|iPhoneSimulator
		{427E6906-22D5-4DCF-A2EC-AF1FBF2BA6CE}.Release|iPhoneSimulator.Build.0 = Release|iPhoneSimulator
		{427E6906-22D5-4DCF-A2EC-AF1FBF2BA6CE}.Release|iPhoneSimulator.Deploy.0 = Release|iPhoneSimulator
		{427E6906-22D5-4DCF-A2EC-AF1FBF2BA6CE}.Release|x64.ActiveCfg = Release|iPhone
		{427E6906-22D5-4DCF-A2EC-AF1FBF2BA6CE}.Release|x64.Build.0 = Release|iPhone
		{427E6906-22D5-4DCF-A2EC-AF1FBF2BA6CE}.Release|x64.Deploy.0 = Release|iPhone
		{427E6906-22D5-4DCF-A2EC-AF1FBF2BA6CE}.Release|x86.ActiveCfg = Release|iPhone
		{427E6906-22D5-4DCF-A2EC-AF1FBF2BA6CE}.Release|x86.Build.0 = Release|iPhone
		{427E6906-22D5-4DCF-A2EC-AF1FBF2BA6CE}.Release|x86.Deploy.0 = Release|iPhone
		{47375614-F0D8-4FF7-AABC-BF21BFB150CF}.Ad-Hoc|Any CPU.ActiveCfg = Debug|Any CPU
		{47375614-F0D8-4FF7-AABC-BF21BFB150CF}.Ad-Hoc|Any CPU.Build.0 = Debug|Any CPU
		{47375614-F0D8-4FF7-AABC-BF21BFB150CF}.Ad-Hoc|Any CPU.Deploy.0 = Debug|Any CPU
		{47375614-F0D8-4FF7-AABC-BF21BFB150CF}.Ad-Hoc|ARM.ActiveCfg = Debug|Any CPU
		{47375614-F0D8-4FF7-AABC-BF21BFB150CF}.Ad-Hoc|ARM.Build.0 = Debug|Any CPU
		{47375614-F0D8-4FF7-AABC-BF21BFB150CF}.Ad-Hoc|ARM.Deploy.0 = Debug|Any CPU
		{47375614-F0D8-4FF7-AABC-BF21BFB150CF}.Ad-Hoc|iPhone.ActiveCfg = Debug|Any CPU
		{47375614-F0D8-4FF7-AABC-BF21BFB150CF}.Ad-Hoc|iPhone.Build.0 = Debug|Any CPU
		{47375614-F0D8-4FF7-AABC-BF21BFB150CF}.Ad-Hoc|iPhone.Deploy.0 = Debug|Any CPU
		{47375614-F0D8-4FF7-AABC-BF21BFB150CF}.Ad-Hoc|iPhoneSimulator.ActiveCfg = Debug|Any CPU
		{47375614-F0D8-4FF7-AABC-BF21BFB150CF}.Ad-Hoc|iPhoneSimulator.Build.0 = Debug|Any CPU
		{47375614-F0D8-4FF7-AABC-BF21BFB150CF}.Ad-Hoc|iPhoneSimulator.Deploy.0 = Debug|Any CPU
		{47375614-F0D8-4FF7-AABC-BF21BFB150CF}.Ad-Hoc|x64.ActiveCfg = Debug|Any CPU
		{47375614-F0D8-4FF7-AABC-BF21BFB150CF}.Ad-Hoc|x64.Build.0 = Debug|Any CPU
		{47375614-F0D8-4FF7-AABC-BF21BFB150CF}.Ad-Hoc|x64.Deploy.0 = Debug|Any CPU
		{47375614-F0D8-4FF7-AABC-BF21BFB150CF}.Ad-Hoc|x86.ActiveCfg = Debug|Any CPU
		{47375614-F0D8-4FF7-AABC-BF21BFB150CF}.Ad-Hoc|x86.Build.0 = Debug|Any CPU
		{47375614-F0D8-4FF7-AABC-BF21BFB150CF}.Ad-Hoc|x86.Deploy.0 = Debug|Any CPU
		{47375614-F0D8-4FF7-AABC-BF21BFB150CF}.AppStore|Any CPU.ActiveCfg = Debug|Any CPU
		{47375614-F0D8-4FF7-AABC-BF21BFB150CF}.AppStore|Any CPU.Build.0 = Debug|Any CPU
		{47375614-F0D8-4FF7-AABC-BF21BFB150CF}.AppStore|Any CPU.Deploy.0 = Debug|Any CPU
		{47375614-F0D8-4FF7-AABC-BF21BFB150CF}.AppStore|ARM.ActiveCfg = Debug|Any CPU
		{47375614-F0D8-4FF7-AABC-BF21BFB150CF}.AppStore|ARM.Build.0 = Debug|Any CPU
		{47375614-F0D8-4FF7-AABC-BF21BFB150CF}.AppStore|ARM.Deploy.0 = Debug|Any CPU
		{47375614-F0D8-4FF7-AABC-BF21BFB150CF}.AppStore|iPhone.ActiveCfg = Debug|Any CPU
		{47375614-F0D8-4FF7-AABC-BF21BFB150CF}.AppStore|iPhone.Build.0 = Debug|Any CPU
		{47375614-F0D8-4FF7-AABC-BF21BFB150CF}.AppStore|iPhone.Deploy.0 = Debug|Any CPU
		{47375614-F0D8-4FF7-AABC-BF21BFB150CF}.AppStore|iPhoneSimulator.ActiveCfg = Debug|Any CPU
		{47375614-F0D8-4FF7-AABC-BF21BFB150CF}.AppStore|iPhoneSimulator.Build.0 = Debug|Any CPU
		{47375614-F0D8-4FF7-AABC-BF21BFB150CF}.AppStore|iPhoneSimulator.Deploy.0 = Debug|Any CPU
		{47375614-F0D8-4FF7-AABC-BF21BFB150CF}.AppStore|x64.ActiveCfg = Debug|Any CPU
		{47375614-F0D8-4FF7-AABC-BF21BFB150CF}.AppStore|x64.Build.0 = Debug|Any CPU
		{47375614-F0D8-4FF7-AABC-BF21BFB150CF}.AppStore|x64.Deploy.0 = Debug|Any CPU
		{47375614-F0D8-4FF7-AABC-BF21BFB150CF}.AppStore|x86.ActiveCfg = Debug|Any CPU
		{47375614-F0D8-4FF7-AABC-BF21BFB150CF}.AppStore|x86.Build.0 = Debug|Any CPU
		{47375614-F0D8-4FF7-AABC-BF21BFB150CF}.AppStore|x86.Deploy.0 = Debug|Any CPU
		{47375614-F0D8-4FF7-AABC-BF21BFB150CF}.Debug|Any CPU.ActiveCfg = Debug|Any CPU
		{47375614-F0D8-4FF7-AABC-BF21BFB150CF}.Debug|Any CPU.Build.0 = Debug|Any CPU
		{47375614-F0D8-4FF7-AABC-BF21BFB150CF}.Debug|Any CPU.Deploy.0 = Debug|Any CPU
		{47375614-F0D8-4FF7-AABC-BF21BFB150CF}.Debug|ARM.ActiveCfg = Debug|Any CPU
		{47375614-F0D8-4FF7-AABC-BF21BFB150CF}.Debug|ARM.Build.0 = Debug|Any CPU
		{47375614-F0D8-4FF7-AABC-BF21BFB150CF}.Debug|ARM.Deploy.0 = Debug|Any CPU
		{47375614-F0D8-4FF7-AABC-BF21BFB150CF}.Debug|iPhone.ActiveCfg = Debug|Any CPU
		{47375614-F0D8-4FF7-AABC-BF21BFB150CF}.Debug|iPhone.Build.0 = Debug|Any CPU
		{47375614-F0D8-4FF7-AABC-BF21BFB150CF}.Debug|iPhone.Deploy.0 = Debug|Any CPU
		{47375614-F0D8-4FF7-AABC-BF21BFB150CF}.Debug|iPhoneSimulator.ActiveCfg = Debug|Any CPU
		{47375614-F0D8-4FF7-AABC-BF21BFB150CF}.Debug|iPhoneSimulator.Build.0 = Debug|Any CPU
		{47375614-F0D8-4FF7-AABC-BF21BFB150CF}.Debug|iPhoneSimulator.Deploy.0 = Debug|Any CPU
		{47375614-F0D8-4FF7-AABC-BF21BFB150CF}.Debug|x64.ActiveCfg = Debug|Any CPU
		{47375614-F0D8-4FF7-AABC-BF21BFB150CF}.Debug|x64.Build.0 = Debug|Any CPU
		{47375614-F0D8-4FF7-AABC-BF21BFB150CF}.Debug|x64.Deploy.0 = Debug|Any CPU
		{47375614-F0D8-4FF7-AABC-BF21BFB150CF}.Debug|x86.ActiveCfg = Debug|Any CPU
		{47375614-F0D8-4FF7-AABC-BF21BFB150CF}.Debug|x86.Build.0 = Debug|Any CPU
		{47375614-F0D8-4FF7-AABC-BF21BFB150CF}.Debug|x86.Deploy.0 = Debug|Any CPU
		{47375614-F0D8-4FF7-AABC-BF21BFB150CF}.Release|Any CPU.ActiveCfg = Release|Any CPU
		{47375614-F0D8-4FF7-AABC-BF21BFB150CF}.Release|Any CPU.Build.0 = Release|Any CPU
		{47375614-F0D8-4FF7-AABC-BF21BFB150CF}.Release|Any CPU.Deploy.0 = Release|Any CPU
		{47375614-F0D8-4FF7-AABC-BF21BFB150CF}.Release|ARM.ActiveCfg = Release|Any CPU
		{47375614-F0D8-4FF7-AABC-BF21BFB150CF}.Release|ARM.Build.0 = Release|Any CPU
		{47375614-F0D8-4FF7-AABC-BF21BFB150CF}.Release|ARM.Deploy.0 = Release|Any CPU
		{47375614-F0D8-4FF7-AABC-BF21BFB150CF}.Release|iPhone.ActiveCfg = Release|Any CPU
		{47375614-F0D8-4FF7-AABC-BF21BFB150CF}.Release|iPhone.Build.0 = Release|Any CPU
		{47375614-F0D8-4FF7-AABC-BF21BFB150CF}.Release|iPhone.Deploy.0 = Release|Any CPU
		{47375614-F0D8-4FF7-AABC-BF21BFB150CF}.Release|iPhoneSimulator.ActiveCfg = Release|Any CPU
		{47375614-F0D8-4FF7-AABC-BF21BFB150CF}.Release|iPhoneSimulator.Build.0 = Release|Any CPU
		{47375614-F0D8-4FF7-AABC-BF21BFB150CF}.Release|iPhoneSimulator.Deploy.0 = Release|Any CPU
		{47375614-F0D8-4FF7-AABC-BF21BFB150CF}.Release|x64.ActiveCfg = Release|Any CPU
		{47375614-F0D8-4FF7-AABC-BF21BFB150CF}.Release|x64.Build.0 = Release|Any CPU
		{47375614-F0D8-4FF7-AABC-BF21BFB150CF}.Release|x64.Deploy.0 = Release|Any CPU
		{47375614-F0D8-4FF7-AABC-BF21BFB150CF}.Release|x86.ActiveCfg = Release|Any CPU
		{47375614-F0D8-4FF7-AABC-BF21BFB150CF}.Release|x86.Build.0 = Release|Any CPU
		{47375614-F0D8-4FF7-AABC-BF21BFB150CF}.Release|x86.Deploy.0 = Release|Any CPU
	EndGlobalSection
	GlobalSection(SolutionProperties) = preSolution
		HideSolutionNode = FALSE
	EndGlobalSection
	GlobalSection(ExtensibilityGlobals) = postSolution
		SolutionGuid = {A304ED63-6C10-4C5E-80B3-B64EAC7FAC2E}
	EndGlobalSection
EndGlobal
